
Microsoft Visual Studio Solution File, Format Version 12.00
# Visual Studio Version 17
VisualStudioVersion = 17.13.35931.197 d17.13
MinimumVisualStudioVersion = 10.0.40219.1
Project("{FAE04EC0-301F-11D3-BF4B-00C04F79EFBC}") = "PomodoroTrayApp", "PomodoroTrayApp.csproj", "{1A4F4EDD-8CD2-48F3-93B0-2D2F32FC5DC7}"
EndProject
Global
	GlobalSection(SolutionConfigurationPlatforms) = preSolution
		Debug|Any CPU = Debug|Any CPU
		Release|Any CPU = Release|Any CPU
	EndGlobalSection
	GlobalSection(ProjectConfigurationPlatforms) = postSolution
		{1A4F4EDD-8CD2-48F3-93B0-2D2F32FC5DC7}.Debug|Any CPU.ActiveCfg = Debug|Any CPU
		{1A4F4EDD-8CD2-48F3-93B0-2D2F32FC5DC7}.Debug|Any CPU.Build.0 = Debug|Any CPU
		{1A4F4EDD-8CD2-48F3-93B0-2D2F32FC5DC7}.Release|Any CPU.ActiveCfg = Release|Any CPU
		{1A4F4EDD-8CD2-48F3-93B0-2D2F32FC5DC7}.Release|Any CPU.Build.0 = Release|Any CPU
	EndGlobalSection
	GlobalSection(SolutionProperties) = preSolution
		HideSolutionNode = FALSE
	EndGlobalSection
	GlobalSection(ExtensibilityGlobals) = postSolution
		SolutionGuid = {F4FF4E5B-C419-4AC5-A9DD-294F46E5954C}
	EndGlobalSection
EndGlobal
